
Microsoft Visual Studio Solution File, Format Version 12.00
# Visual Studio 15
VisualStudioVersion = 15.0.27703.2042
MinimumVisualStudioVersion = 10.0.40219.1
Project("{FAE04EC0-301F-11D3-BF4B-00C04F79EFBC}") = "TomatoTimer", "TomatoTimer.csproj", "{C3BF1C58-B97D-42C9-9352-8E16E9EABE10}"
EndProject
Project("{2150E333-8FDC-42A3-9474-1A3956D46DE8}") = "Solution Items", "Solution Items", "{BBF9AD02-53C2-4ACE-890A-B79D8D535AA9}"
	ProjectSection(SolutionItems) = preProject
		Icon1.ico = Icon1.ico
	EndProjectSection
EndProject
Global
	GlobalSection(SolutionConfigurationPlatforms) = preSolution
		Debug|Any CPU = Debug|Any CPU
		Release|Any CPU = Release|Any CPU
	EndGlobalSection
	GlobalSection(ProjectConfigurationPlatforms) = postSolution
		{C3BF1C58-B97D-42C9-9352-8E16E9EABE10}.Debug|Any CPU.ActiveCfg = Debug|Any CPU
		{C3BF1C58-B97D-42C9-9352-8E16E9EABE10}.Debug|Any CPU.Build.0 = Debug|Any CPU
		{C3BF1C58-B97D-42C9-9352-8E16E9EABE10}.Release|Any CPU.ActiveCfg = Release|Any CPU
		{C3BF1C58-B97D-42C9-9352-8E16E9EABE10}.Release|Any CPU.Build.0 = Release|Any CPU
	EndGlobalSection
	GlobalSection(SolutionProperties) = preSolution
		HideSolutionNode = FALSE
	EndGlobalSection
	GlobalSection(ExtensibilityGlobals) = postSolution
		SolutionGuid = {CB50858B-A296-4B10-86C3-E7DB36FE46E3}
	EndGlobalSection
EndGlobal
